
Microsoft Visual Studio Solution File, Format Version 12.00
# Visual Studio 14
VisualStudioVersion = 14.0.25123.0
MinimumVisualStudioVersion = 10.0.40219.1
Project("{8BC9CEB8-8B4A-11D0-8D11-00A0C91BC942}") = "lab4_1", "lab4_1\lab4_1.vcxproj", "{B5D78940-044F-48B3-8D04-B6D9C4741DFE}"
EndProject
Global
	GlobalSection(SolutionConfigurationPlatforms) = preSolution
		Debug|x64 = Debug|x64
		Debug|x86 = Debug|x86
		MPI_Debug|x64 = MPI_Debug|x64
		MPI_Debug|x86 = MPI_Debug|x86
		Release|x64 = Release|x64
		Release|x86 = Release|x86
	EndGlobalSection
	GlobalSection(ProjectConfigurationPlatforms) = postSolution
		{B5D78940-044F-48B3-8D04-B6D9C4741DFE}.Debug|x64.ActiveCfg = Debug|x64
		{B5D78940-044F-48B3-8D04-B6D9C4741DFE}.Debug|x64.Build.0 = Debug|x64
		{B5D78940-044F-48B3-8D04-B6D9C4741DFE}.Debug|x86.ActiveCfg = Debug|Win32
		{B5D78940-044F-48B3-8D04-B6D9C4741DFE}.Debug|x86.Build.0 = Debug|Win32
		{B5D78940-044F-48B3-8D04-B6D9C4741DFE}.MPI_Debug|x64.ActiveCfg = MPI_Debug|x64
		{B5D78940-044F-48B3-8D04-B6D9C4741DFE}.MPI_Debug|x64.Build.0 = MPI_Debug|x64
		{B5D78940-044F-48B3-8D04-B6D9C4741DFE}.MPI_Debug|x86.ActiveCfg = MPI_Debug|Win32
		{B5D78940-044F-48B3-8D04-B6D9C4741DFE}.MPI_Debug|x86.Build.0 = MPI_Debug|Win32
		{B5D78940-044F-48B3-8D04-B6D9C4741DFE}.Release|x64.ActiveCfg = Release|x64
		{B5D78940-044F-48B3-8D04-B6D9C4741DFE}.Release|x64.Build.0 = Release|x64
		{B5D78940-044F-48B3-8D04-B6D9C4741DFE}.Release|x86.ActiveCfg = Release|Win32
		{B5D78940-044F-48B3-8D04-B6D9C4741DFE}.Release|x86.Build.0 = Release|Win32
	EndGlobalSection
	GlobalSection(SolutionProperties) = preSolution
		HideSolutionNode = FALSE
	EndGlobalSection
EndGlobal
