
Microsoft Visual Studio Solution File, Format Version 12.00
# Visual Studio 2012
Project("{FAE04EC0-301F-11D3-BF4B-00C04F79EFBC}") = "GraphGenerator", "GraphGenerator\GraphGenerator.csproj", "{155F9653-F6AC-4A13-8C8D-8881848A8AAD}"
EndProject
Global
	GlobalSection(SolutionConfigurationPlatforms) = preSolution
		Debug|x86 = Debug|x86
		Release|x86 = Release|x86
	EndGlobalSection
	GlobalSection(ProjectConfigurationPlatforms) = postSolution
		{155F9653-F6AC-4A13-8C8D-8881848A8AAD}.Debug|x86.ActiveCfg = Debug|x86
		{155F9653-F6AC-4A13-8C8D-8881848A8AAD}.Debug|x86.Build.0 = Debug|x86
		{155F9653-F6AC-4A13-8C8D-8881848A8AAD}.Release|x86.ActiveCfg = Release|x86
		{155F9653-F6AC-4A13-8C8D-8881848A8AAD}.Release|x86.Build.0 = Release|x86
	EndGlobalSection
EndGlobal
